
Microsoft Visual Studio Solution File, Format Version 12.00
# Visual Studio Version 17
VisualStudioVersion = 17.0.31903.59
MinimumVisualStudioVersion = 10.0.40219.1
Project("{2150E333-8FDC-42A3-9474-1A3956D46DE8}") = "Local Configuration", "Local Configuration", "{88CA445B-8AD8-46D9-9D28-8373FD914273}"
	ProjectSection(SolutionItems) = preProject
		UmbracoHeadlessBFF.Aspire\Directory.Build.props = UmbracoHeadlessBFF.Aspire\Directory.Build.props
		UmbracoHeadlessBFF.Aspire\Directory.Packages.props = UmbracoHeadlessBFF.Aspire\Directory.Packages.props
	EndProjectSection
EndProject
Project("{2150E333-8FDC-42A3-9474-1A3956D46DE8}") = "001 Global Configuration", "001 Global Configuration", "{E0332E04-0B45-4FF3-AB54-FF343395397C}"
	ProjectSection(SolutionItems) = preProject
		.editorconfig = .editorconfig
		.gitignore = .gitignore
		Directory.Build.props = Directory.Build.props
		Directory.Packages.props = Directory.Packages.props
		.gitattributes = .gitattributes
		NuGet.config = NuGet.config
	EndProjectSection
EndProject
Project("{FAE04EC0-301F-11D3-BF4B-00C04F79EFBC}") = "UmbracoHeadlessBFF.Aspire.AppHost", "UmbracoHeadlessBFF.Aspire\src\UmbracoHeadlessBFF.Aspire.AppHost\UmbracoHeadlessBFF.Aspire.AppHost.csproj", "{140ADDCC-22DB-42AC-BC96-758BB269E3D9}"
EndProject
Project("{2150E333-8FDC-42A3-9474-1A3956D46DE8}") = "002 Aspire", "002 Aspire", "{AECA3854-4D41-45C8-9F66-C6E63AE5253E}"
EndProject
Project("{2150E333-8FDC-42A3-9474-1A3956D46DE8}") = "004 Cms", "004 Cms", "{AFFC74CF-448C-4862-B802-F26F52278584}"
EndProject
Project("{2150E333-8FDC-42A3-9474-1A3956D46DE8}") = "005 SiteApi", "005 SiteApi", "{9062E972-6DD3-4606-B149-D5DDD6CD642D}"
	ProjectSection(SolutionItems) = preProject
	EndProjectSection
EndProject
Project("{FAE04EC0-301F-11D3-BF4B-00C04F79EFBC}") = "UmbracoHeadlessBFF.Cms.Web", "UmbracoHeadlessBFF.Cms\src\UmbracoHeadlessBFF.Cms.Web\UmbracoHeadlessBFF.Cms.Web.csproj", "{8FCFEF1E-8A4E-434E-8058-B9389E04F193}"
EndProject
Project("{2150E333-8FDC-42A3-9474-1A3956D46DE8}") = "001 Local Configuration", "001 Local Configuration", "{EF14C012-4E74-471E-960B-E9437FB69E40}"
	ProjectSection(SolutionItems) = preProject
		UmbracoHeadlessBFF.Cms\Directory.Build.props = UmbracoHeadlessBFF.Cms\Directory.Build.props
		UmbracoHeadlessBFF.Cms\Directory.Packages.props = UmbracoHeadlessBFF.Cms\Directory.Packages.props
	EndProjectSection
EndProject
Project("{2150E333-8FDC-42A3-9474-1A3956D46DE8}") = "001 Local Configuration", "001 Local Configuration", "{4460829C-4E3A-45E4-AB2E-FE5EF2F1C9EC}"
	ProjectSection(SolutionItems) = preProject
		UmbracoHeadlessBFF.SiteApi\Directory.Build.props = UmbracoHeadlessBFF.SiteApi\Directory.Build.props
		UmbracoHeadlessBFF.SiteApi\Directory.Packages.props = UmbracoHeadlessBFF.SiteApi\Directory.Packages.props
	EndProjectSection
EndProject
Project("{FAE04EC0-301F-11D3-BF4B-00C04F79EFBC}") = "UmbracoHeadlessBFF.SiteApi.Web", "UmbracoHeadlessBFF.SiteApi\src\UmbracoHeadlessBFF.SiteApi.Web\UmbracoHeadlessBFF.SiteApi.Web.csproj", "{193E0029-66B8-4125-8479-66C1324EA138}"
EndProject
Project("{2150E333-8FDC-42A3-9474-1A3956D46DE8}") = "003 Shared Modules", "003 Shared Modules", "{DBB4C004-989A-44A9-B6D3-30042E68CC0C}"
EndProject
Project("{FAE04EC0-301F-11D3-BF4B-00C04F79EFBC}") = "UmbracoHeadlessBFF.SharedModules.ServiceDefaults", "UmbracoHeadlessBFF.SharedModules\src\UmbracoHeadlessBFF.SharedModules.ServiceDefaults\UmbracoHeadlessBFF.SharedModules.ServiceDefaults.csproj", "{C8DB4A55-E588-4417-B215-D4816174DDE3}"
EndProject
Project("{2150E333-8FDC-42A3-9474-1A3956D46DE8}") = "Local Configuration", "Local Configuration", "{05E7A912-B859-4EE5-BBCF-D519B094B780}"
	ProjectSection(SolutionItems) = preProject
		UmbracoHeadlessBFF.SharedModules\Directory.Build.props = UmbracoHeadlessBFF.SharedModules\Directory.Build.props
		UmbracoHeadlessBFF.SharedModules\Directory.Packages.props = UmbracoHeadlessBFF.SharedModules\Directory.Packages.props
	EndProjectSection
EndProject
Project("{FAE04EC0-301F-11D3-BF4B-00C04F79EFBC}") = "UmbracoHeadlessBFF.SharedModules.Common", "UmbracoHeadlessBFF.SharedModules\src\UmbracoHeadlessBFF.SharedModules.Common\UmbracoHeadlessBFF.SharedModules.Common.csproj", "{C86453E2-1EB4-44EA-925D-6FB2F6B5973D}"
EndProject
Project("{2150E333-8FDC-42A3-9474-1A3956D46DE8}") = "002 Modules", "002 Modules", "{A4F153A6-515D-4D8D-B700-69EB728D639D}"
EndProject
Project("{2150E333-8FDC-42A3-9474-1A3956D46DE8}") = "002 Modules", "002 Modules", "{82F2FA96-FA6C-4ECC-80D6-573B2E546DC3}"
EndProject
Project("{FAE04EC0-301F-11D3-BF4B-00C04F79EFBC}") = "UmbracoHeadlessBFF.Cms.Modules.Common", "UmbracoHeadlessBFF.Cms\src\UmbracoHeadlessBFF.Cms.Modules.Common\UmbracoHeadlessBFF.Cms.Modules.Common.csproj", "{CCF25883-4514-465E-951A-393656218AB8}"
EndProject
Project("{FAE04EC0-301F-11D3-BF4B-00C04F79EFBC}") = "UmbracoHeadlessBFF.SiteApi.Modules.Common", "UmbracoHeadlessBFF.SiteApi\src\UmbracoHeadlessBFF.SiteApi.Modules.Common\UmbracoHeadlessBFF.SiteApi.Modules.Common.csproj", "{AD95BB74-6A13-4C7F-89C1-5EE950B07400}"
EndProject
Project("{FAE04EC0-301F-11D3-BF4B-00C04F79EFBC}") = "UmbracoHeadlessBFF.SiteApi.Modules.Pages", "UmbracoHeadlessBFF.SiteApi\src\UmbracoHeadlessBFF.SiteApi.Modules.Pages\UmbracoHeadlessBFF.SiteApi.Modules.Pages.csproj", "{7E4919F0-E290-4B96-ABD4-6C3406448C13}"
EndProject
Project("{FAE04EC0-301F-11D3-BF4B-00C04F79EFBC}") = "UmbracoHeadlessBFF.Cms.Modules.Pages", "UmbracoHeadlessBFF.Cms\src\UmbracoHeadlessBFF.Cms.Modules.Pages\UmbracoHeadlessBFF.Cms.Modules.Pages.csproj", "{F05A9177-34B2-4EA4-958D-543B370DD042}"
EndProject
Project("{FAE04EC0-301F-11D3-BF4B-00C04F79EFBC}") = "UmbracoHeadlessBFF.SharedModules.Cms", "UmbracoHeadlessBFF.SharedModules\src\UmbracoHeadlessBFF.SharedModules.Cms\UmbracoHeadlessBFF.SharedModules.Cms.csproj", "{8B55425B-CA62-4A62-962C-236000707DB9}"
EndProject
Project("{FAE04EC0-301F-11D3-BF4B-00C04F79EFBC}") = "UmbracoHeadlessBFF.Cms.Modules.Caching", "UmbracoHeadlessBFF.Cms\src\UmbracoHeadlessBFF.Cms.Modules.Caching\UmbracoHeadlessBFF.Cms.Modules.Caching.csproj", "{EB9C39AF-51ED-4398-926D-CDD2CC036A07}"
EndProject
Global
	GlobalSection(SolutionConfigurationPlatforms) = preSolution
		Debug|Any CPU = Debug|Any CPU
		Release|Any CPU = Release|Any CPU
	EndGlobalSection
	GlobalSection(SolutionProperties) = preSolution
		HideSolutionNode = FALSE
	EndGlobalSection
	GlobalSection(ProjectConfigurationPlatforms) = postSolution
		{140ADDCC-22DB-42AC-BC96-758BB269E3D9}.Debug|Any CPU.ActiveCfg = Debug|Any CPU
		{140ADDCC-22DB-42AC-BC96-758BB269E3D9}.Debug|Any CPU.Build.0 = Debug|Any CPU
		{140ADDCC-22DB-42AC-BC96-758BB269E3D9}.Release|Any CPU.ActiveCfg = Release|Any CPU
		{140ADDCC-22DB-42AC-BC96-758BB269E3D9}.Release|Any CPU.Build.0 = Release|Any CPU
		{8FCFEF1E-8A4E-434E-8058-B9389E04F193}.Debug|Any CPU.ActiveCfg = Debug|Any CPU
		{8FCFEF1E-8A4E-434E-8058-B9389E04F193}.Debug|Any CPU.Build.0 = Debug|Any CPU
		{8FCFEF1E-8A4E-434E-8058-B9389E04F193}.Release|Any CPU.ActiveCfg = Release|Any CPU
		{8FCFEF1E-8A4E-434E-8058-B9389E04F193}.Release|Any CPU.Build.0 = Release|Any CPU
		{193E0029-66B8-4125-8479-66C1324EA138}.Debug|Any CPU.ActiveCfg = Debug|Any CPU
		{193E0029-66B8-4125-8479-66C1324EA138}.Debug|Any CPU.Build.0 = Debug|Any CPU
		{193E0029-66B8-4125-8479-66C1324EA138}.Release|Any CPU.ActiveCfg = Release|Any CPU
		{193E0029-66B8-4125-8479-66C1324EA138}.Release|Any CPU.Build.0 = Release|Any CPU
		{C8DB4A55-E588-4417-B215-D4816174DDE3}.Debug|Any CPU.ActiveCfg = Debug|Any CPU
		{C8DB4A55-E588-4417-B215-D4816174DDE3}.Debug|Any CPU.Build.0 = Debug|Any CPU
		{C8DB4A55-E588-4417-B215-D4816174DDE3}.Release|Any CPU.ActiveCfg = Release|Any CPU
		{C8DB4A55-E588-4417-B215-D4816174DDE3}.Release|Any CPU.Build.0 = Release|Any CPU
		{C86453E2-1EB4-44EA-925D-6FB2F6B5973D}.Debug|Any CPU.ActiveCfg = Debug|Any CPU
		{C86453E2-1EB4-44EA-925D-6FB2F6B5973D}.Debug|Any CPU.Build.0 = Debug|Any CPU
		{C86453E2-1EB4-44EA-925D-6FB2F6B5973D}.Release|Any CPU.ActiveCfg = Release|Any CPU
		{C86453E2-1EB4-44EA-925D-6FB2F6B5973D}.Release|Any CPU.Build.0 = Release|Any CPU
		{CCF25883-4514-465E-951A-393656218AB8}.Debug|Any CPU.ActiveCfg = Debug|Any CPU
		{CCF25883-4514-465E-951A-393656218AB8}.Debug|Any CPU.Build.0 = Debug|Any CPU
		{CCF25883-4514-465E-951A-393656218AB8}.Release|Any CPU.ActiveCfg = Release|Any CPU
		{CCF25883-4514-465E-951A-393656218AB8}.Release|Any CPU.Build.0 = Release|Any CPU
		{AD95BB74-6A13-4C7F-89C1-5EE950B07400}.Debug|Any CPU.ActiveCfg = Debug|Any CPU
		{AD95BB74-6A13-4C7F-89C1-5EE950B07400}.Debug|Any CPU.Build.0 = Debug|Any CPU
		{AD95BB74-6A13-4C7F-89C1-5EE950B07400}.Release|Any CPU.ActiveCfg = Release|Any CPU
		{AD95BB74-6A13-4C7F-89C1-5EE950B07400}.Release|Any CPU.Build.0 = Release|Any CPU
		{7E4919F0-E290-4B96-ABD4-6C3406448C13}.Debug|Any CPU.ActiveCfg = Debug|Any CPU
		{7E4919F0-E290-4B96-ABD4-6C3406448C13}.Debug|Any CPU.Build.0 = Debug|Any CPU
		{7E4919F0-E290-4B96-ABD4-6C3406448C13}.Release|Any CPU.ActiveCfg = Release|Any CPU
		{7E4919F0-E290-4B96-ABD4-6C3406448C13}.Release|Any CPU.Build.0 = Release|Any CPU
		{F05A9177-34B2-4EA4-958D-543B370DD042}.Debug|Any CPU.ActiveCfg = Debug|Any CPU
		{F05A9177-34B2-4EA4-958D-543B370DD042}.Debug|Any CPU.Build.0 = Debug|Any CPU
		{F05A9177-34B2-4EA4-958D-543B370DD042}.Release|Any CPU.ActiveCfg = Release|Any CPU
		{F05A9177-34B2-4EA4-958D-543B370DD042}.Release|Any CPU.Build.0 = Release|Any CPU
		{8B55425B-CA62-4A62-962C-236000707DB9}.Debug|Any CPU.ActiveCfg = Debug|Any CPU
		{8B55425B-CA62-4A62-962C-236000707DB9}.Debug|Any CPU.Build.0 = Debug|Any CPU
		{8B55425B-CA62-4A62-962C-236000707DB9}.Release|Any CPU.ActiveCfg = Release|Any CPU
		{8B55425B-CA62-4A62-962C-236000707DB9}.Release|Any CPU.Build.0 = Release|Any CPU
		{EB9C39AF-51ED-4398-926D-CDD2CC036A07}.Debug|Any CPU.ActiveCfg = Debug|Any CPU
		{EB9C39AF-51ED-4398-926D-CDD2CC036A07}.Debug|Any CPU.Build.0 = Debug|Any CPU
		{EB9C39AF-51ED-4398-926D-CDD2CC036A07}.Release|Any CPU.ActiveCfg = Release|Any CPU
		{EB9C39AF-51ED-4398-926D-CDD2CC036A07}.Release|Any CPU.Build.0 = Release|Any CPU
	EndGlobalSection
	GlobalSection(NestedProjects) = preSolution
		{140ADDCC-22DB-42AC-BC96-758BB269E3D9} = {AECA3854-4D41-45C8-9F66-C6E63AE5253E}
		{8FCFEF1E-8A4E-434E-8058-B9389E04F193} = {AFFC74CF-448C-4862-B802-F26F52278584}
		{88CA445B-8AD8-46D9-9D28-8373FD914273} = {AECA3854-4D41-45C8-9F66-C6E63AE5253E}
		{EF14C012-4E74-471E-960B-E9437FB69E40} = {AFFC74CF-448C-4862-B802-F26F52278584}
		{4460829C-4E3A-45E4-AB2E-FE5EF2F1C9EC} = {9062E972-6DD3-4606-B149-D5DDD6CD642D}
		{193E0029-66B8-4125-8479-66C1324EA138} = {9062E972-6DD3-4606-B149-D5DDD6CD642D}
		{C8DB4A55-E588-4417-B215-D4816174DDE3} = {DBB4C004-989A-44A9-B6D3-30042E68CC0C}
		{05E7A912-B859-4EE5-BBCF-D519B094B780} = {DBB4C004-989A-44A9-B6D3-30042E68CC0C}
		{C86453E2-1EB4-44EA-925D-6FB2F6B5973D} = {DBB4C004-989A-44A9-B6D3-30042E68CC0C}
		{A4F153A6-515D-4D8D-B700-69EB728D639D} = {AFFC74CF-448C-4862-B802-F26F52278584}
		{82F2FA96-FA6C-4ECC-80D6-573B2E546DC3} = {9062E972-6DD3-4606-B149-D5DDD6CD642D}
		{CCF25883-4514-465E-951A-393656218AB8} = {A4F153A6-515D-4D8D-B700-69EB728D639D}
		{AD95BB74-6A13-4C7F-89C1-5EE950B07400} = {82F2FA96-FA6C-4ECC-80D6-573B2E546DC3}
		{7E4919F0-E290-4B96-ABD4-6C3406448C13} = {82F2FA96-FA6C-4ECC-80D6-573B2E546DC3}
		{F05A9177-34B2-4EA4-958D-543B370DD042} = {A4F153A6-515D-4D8D-B700-69EB728D639D}
		{8B55425B-CA62-4A62-962C-236000707DB9} = {DBB4C004-989A-44A9-B6D3-30042E68CC0C}
		{EB9C39AF-51ED-4398-926D-CDD2CC036A07} = {A4F153A6-515D-4D8D-B700-69EB728D639D}
	EndGlobalSection
EndGlobal
