{
  "version": 2,
  "dependencies": {
    "net8.0": {
      "Microsoft.AspNetCore.HeaderPropagation": {
        "type": "Direct",
        "requested": "[8.0.13, )",
        "resolved": "8.0.13",
        "contentHash": "DI3J9vJc/s12vli+9Mogqu2VIcNiBtWYy8a7BzQxeuR7aIqYqbZNSkrTE1+R200TDHaZey2BQWsCE0UqzibfvQ==",
        "dependencies": {
          "Microsoft.Extensions.DependencyInjection": "8.0.1",
          "Microsoft.Extensions.Http": "8.0.1"
        }
      },
      "Microsoft.Extensions.Caching.StackExchangeRedis": {
        "type": "Direct",
        "requested": "[9.0.2, )",
        "resolved": "9.0.2",
        "contentHash": "DVIRRhNlSPOcOh01ZjtByHk4PxgQnMEBn+Sy9Nr29Z1NLw0OR7egXqHA/jSGDGs2HOwONhDlTKl7OGZl6wDWsg==",
        "dependencies": {
          "Microsoft.Extensions.Caching.Abstractions": "9.0.2",
          "Microsoft.Extensions.Logging.Abstractions": "9.0.2",
          "Microsoft.Extensions.Options": "9.0.2",
          "StackExchange.Redis": "2.7.27"
        }
      },
      "OpenTelemetry.Extensions.Hosting": {
        "type": "Direct",
        "requested": "[1.11.2, )",
        "resolved": "1.11.2",
        "contentHash": "X0SZcZM9nv7+/WreH3q5McgxeaLBwN3ohsH/R58uAKeiuieqDxoAVFyQSQaRkpkrqIZSTTab6NHDQXglIreG0Q==",
        "dependencies": {
          "Microsoft.Extensions.Hosting.Abstractions": "9.0.0",
          "OpenTelemetry": "1.11.2"
        }
      },
      "ZiggyCreatures.FusionCache": {
        "type": "Direct",
        "requested": "[2.1.0, )",
        "resolved": "2.1.0",
        "contentHash": "dlaO86jRZxggegGw/memJC5QSkZ7+o+RJFv/ZxhikAiYgnO12Nu3x62RX3LdyADd/pz6h4eAwTrZCrtaW33sgw==",
        "dependencies": {
          "Microsoft.Extensions.Caching.Memory": "9.0.0"
        }
      },
      "ZiggyCreatures.FusionCache.Backplane.StackExchangeRedis": {
        "type": "Direct",
        "requested": "[2.1.0, )",
        "resolved": "2.1.0",
        "contentHash": "O6+lea9lwM3xveads2heux4zFDTLR57fCNpE+fZyVm/UXPkKgnP53mPq6sYIhr+ggp6aZvtKMSnSV3mALJ4A3g==",
        "dependencies": {
          "StackExchange.Redis": "2.8.22",
          "ZiggyCreatures.FusionCache": "2.1.0"
        }
      },
      "ZiggyCreatures.FusionCache.OpenTelemetry": {
        "type": "Direct",
        "requested": "[2.1.0, )",
        "resolved": "2.1.0",
        "contentHash": "2jOCHiKrRXCRsO1H9/LlWdgew4jLsKzM23wAYBgOczT+6UqLMT6xBzm+xtS2oGBens7biunl5vWYrQjZv1/YWA==",
        "dependencies": {
          "OpenTelemetry.Api": "1.10.0",
          "ZiggyCreatures.FusionCache": "2.1.0"
        }
      },
      "ZiggyCreatures.FusionCache.Serialization.NewtonsoftJson": {
        "type": "Direct",
        "requested": "[2.1.0, )",
        "resolved": "2.1.0",
        "contentHash": "cfc3hrQ4VhyK3iuIlwCMd3MhVD3jE4a6s3FvqUHyryo0k4JXuHcjxd0lUVbKpkDBJpWFrCG/kIIE2H1zU4k3DA==",
        "dependencies": {
          "Newtonsoft.Json": "13.0.3",
          "ZiggyCreatures.FusionCache": "2.1.0"
        }
      },
      "Microsoft.Extensions.Caching.Abstractions": {
        "type": "Transitive",
        "resolved": "9.0.2",
        "contentHash": "a7QhA25n+BzSM5r5d7JznfyluMBGI7z3qyLlFviZ1Eiqv6DdiK27sLZdP/rpYirBM6UYAKxu5TbmfhIy13GN9A==",
        "dependencies": {
          "Microsoft.Extensions.Primitives": "9.0.2"
        }
      },
      "Microsoft.Extensions.Caching.Memory": {
        "type": "Transitive",
        "resolved": "9.0.0",
        "contentHash": "zbnPX/JQ0pETRSUG9fNPBvpIq42Aufvs15gGYyNIMhCun9yhmWihz0WgsI7bSDPjxWTKBf8oX/zv6v2uZ3W9OQ==",
        "dependencies": {
          "Microsoft.Extensions.Caching.Abstractions": "9.0.0",
          "Microsoft.Extensions.DependencyInjection.Abstractions": "9.0.0",
          "Microsoft.Extensions.Logging.Abstractions": "9.0.0",
          "Microsoft.Extensions.Options": "9.0.0",
          "Microsoft.Extensions.Primitives": "9.0.0"
        }
      },
      "Microsoft.Extensions.Configuration": {
        "type": "Transitive",
        "resolved": "9.0.0",
        "contentHash": "YIMO9T3JL8MeEXgVozKt2v79hquo/EFtnY0vgxmLnUvk1Rei/halI7kOWZL2RBeV9FMGzgM9LZA8CVaNwFMaNA==",
        "dependencies": {
          "Microsoft.Extensions.Configuration.Abstractions": "9.0.0",
          "Microsoft.Extensions.Primitives": "9.0.0"
        }
      },
      "Microsoft.Extensions.Configuration.Abstractions": {
        "type": "Transitive",
        "resolved": "9.0.0",
        "contentHash": "lqvd7W3FGKUO1+ZoUEMaZ5XDJeWvjpy2/M/ptCGz3tXLD4HWVaSzjufsAsjemasBEg+2SxXVtYVvGt5r2nKDlg==",
        "dependencies": {
          "Microsoft.Extensions.Primitives": "9.0.0"
        }
      },
      "Microsoft.Extensions.Configuration.Binder": {
        "type": "Transitive",
        "resolved": "9.0.0",
        "contentHash": "RiScL99DcyngY9zJA2ROrri7Br8tn5N4hP4YNvGdTN/bvg1A3dwvDOxHnNZ3Im7x2SJ5i4LkX1uPiR/MfSFBLQ==",
        "dependencies": {
          "Microsoft.Extensions.Configuration.Abstractions": "9.0.0"
        }
      },
      "Microsoft.Extensions.DependencyInjection": {
        "type": "Transitive",
        "resolved": "9.0.0",
        "contentHash": "MCPrg7v3QgNMr0vX4vzRXvkNGgLg8vKWX0nKCWUxu2uPyMsaRgiRc1tHBnbTcfJMhMKj2slE/j2M9oGkd25DNw==",
        "dependencies": {
          "Microsoft.Extensions.DependencyInjection.Abstractions": "9.0.0"
        }
      },
      "Microsoft.Extensions.DependencyInjection.Abstractions": {
        "type": "Transitive",
        "resolved": "9.0.2",
        "contentHash": "MNe7GSTBf3jQx5vYrXF0NZvn6l7hUKF6J54ENfAgCO8y6xjN1XUmKKWG464LP2ye6QqDiA1dkaWEZBYnhoZzjg=="
      },
      "Microsoft.Extensions.Diagnostics": {
        "type": "Transitive",
        "resolved": "8.0.1",
        "contentHash": "doVPCUUCY7c6LhBsEfiy3W1bvS7Mi6LkfQMS8nlC22jZWNxBv8VO8bdfeyvpYFst6Kxqk7HBC6lytmEoBssvSQ==",
        "dependencies": {
          "Microsoft.Extensions.Configuration": "8.0.0",
          "Microsoft.Extensions.Diagnostics.Abstractions": "8.0.1",
          "Microsoft.Extensions.Options.ConfigurationExtensions": "8.0.0"
        }
      },
      "Microsoft.Extensions.Diagnostics.Abstractions": {
        "type": "Transitive",
        "resolved": "9.0.0",
        "contentHash": "1K8P7XzuzX8W8pmXcZjcrqS6x5eSSdvhQohmcpgiQNY/HlDAlnrhR9dvlURfFz428A+RTCJpUyB+aKTA6AgVcQ==",
        "dependencies": {
          "Microsoft.Extensions.DependencyInjection.Abstractions": "9.0.0",
          "Microsoft.Extensions.Options": "9.0.0",
          "System.Diagnostics.DiagnosticSource": "9.0.0"
        }
      },
      "Microsoft.Extensions.FileProviders.Abstractions": {
        "type": "Transitive",
        "resolved": "9.0.0",
        "contentHash": "uK439QzYR0q2emLVtYzwyK3x+T5bTY4yWsd/k/ZUS9LR6Sflp8MIdhGXW8kQCd86dQD4tLqvcbLkku8qHY263Q==",
        "dependencies": {
          "Microsoft.Extensions.Primitives": "9.0.0"
        }
      },
      "Microsoft.Extensions.Hosting.Abstractions": {
        "type": "Transitive",
        "resolved": "9.0.0",
        "contentHash": "yUKJgu81ExjvqbNWqZKshBbLntZMbMVz/P7Way2SBx7bMqA08Mfdc9O7hWDKAiSp+zPUGT6LKcSCQIPeDK+CCw==",
        "dependencies": {
          "Microsoft.Extensions.Configuration.Abstractions": "9.0.0",
          "Microsoft.Extensions.DependencyInjection.Abstractions": "9.0.0",
          "Microsoft.Extensions.Diagnostics.Abstractions": "9.0.0",
          "Microsoft.Extensions.FileProviders.Abstractions": "9.0.0",
          "Microsoft.Extensions.Logging.Abstractions": "9.0.0"
        }
      },
      "Microsoft.Extensions.Http": {
        "type": "Transitive",
        "resolved": "8.0.1",
        "contentHash": "kDYeKJUzh0qeg/AI+nSr3ffthmXYQTEb0nS9qRC7YhSbbuN4M4NPbaB77AJwtkTnCV9XZ7qYj3dkZaNcyl73EA==",
        "dependencies": {
          "Microsoft.Extensions.Configuration.Abstractions": "8.0.0",
          "Microsoft.Extensions.DependencyInjection.Abstractions": "8.0.2",
          "Microsoft.Extensions.Diagnostics": "8.0.1",
          "Microsoft.Extensions.Logging": "8.0.1",
          "Microsoft.Extensions.Logging.Abstractions": "8.0.2",
          "Microsoft.Extensions.Options": "8.0.2"
        }
      },
      "Microsoft.Extensions.Logging": {
        "type": "Transitive",
        "resolved": "9.0.0",
        "contentHash": "crjWyORoug0kK7RSNJBTeSE6VX8IQgLf3nUpTB9m62bPXp/tzbnOsnbe8TXEG0AASNaKZddnpHKw7fET8E++Pg==",
        "dependencies": {
          "Microsoft.Extensions.DependencyInjection": "9.0.0",
          "Microsoft.Extensions.Logging.Abstractions": "9.0.0",
          "Microsoft.Extensions.Options": "9.0.0"
        }
      },
      "Microsoft.Extensions.Logging.Abstractions": {
        "type": "Transitive",
        "resolved": "9.0.2",
        "contentHash": "dV9s2Lamc8jSaqhl2BQSPn/AryDIH2sSbQUyLitLXV0ROmsb+SROnn2cH939JFbsNrnf3mIM3GNRKT7P0ldwLg==",
        "dependencies": {
          "Microsoft.Extensions.DependencyInjection.Abstractions": "9.0.2",
          "System.Diagnostics.DiagnosticSource": "9.0.2"
        }
      },
      "Microsoft.Extensions.Logging.Configuration": {
        "type": "Transitive",
        "resolved": "9.0.0",
        "contentHash": "H05HiqaNmg6GjH34ocYE9Wm1twm3Oz2aXZko8GTwGBzM7op2brpAA8pJ5yyD1OpS1mXUtModBYOlcZ/wXeWsSg==",
        "dependencies": {
          "Microsoft.Extensions.Configuration": "9.0.0",
          "Microsoft.Extensions.Configuration.Abstractions": "9.0.0",
          "Microsoft.Extensions.Configuration.Binder": "9.0.0",
          "Microsoft.Extensions.DependencyInjection.Abstractions": "9.0.0",
          "Microsoft.Extensions.Logging": "9.0.0",
          "Microsoft.Extensions.Logging.Abstractions": "9.0.0",
          "Microsoft.Extensions.Options": "9.0.0",
          "Microsoft.Extensions.Options.ConfigurationExtensions": "9.0.0"
        }
      },
      "Microsoft.Extensions.Options": {
        "type": "Transitive",
        "resolved": "9.0.2",
        "contentHash": "zr98z+AN8+isdmDmQRuEJ/DAKZGUTHmdv3t0ZzjHvNqvA44nAgkXE9kYtfoN6581iALChhVaSw2Owt+Z2lVbkQ==",
        "dependencies": {
          "Microsoft.Extensions.DependencyInjection.Abstractions": "9.0.2",
          "Microsoft.Extensions.Primitives": "9.0.2"
        }
      },
      "Microsoft.Extensions.Options.ConfigurationExtensions": {
        "type": "Transitive",
        "resolved": "9.0.0",
        "contentHash": "Ob3FXsXkcSMQmGZi7qP07EQ39kZpSBlTcAZLbJLdI4FIf0Jug8biv2HTavWmnTirchctPlq9bl/26CXtQRguzA==",
        "dependencies": {
          "Microsoft.Extensions.Configuration.Abstractions": "9.0.0",
          "Microsoft.Extensions.Configuration.Binder": "9.0.0",
          "Microsoft.Extensions.DependencyInjection.Abstractions": "9.0.0",
          "Microsoft.Extensions.Options": "9.0.0",
          "Microsoft.Extensions.Primitives": "9.0.0"
        }
      },
      "Microsoft.Extensions.Primitives": {
        "type": "Transitive",
        "resolved": "9.0.2",
        "contentHash": "puBMtKe/wLuYa7H6docBkLlfec+h8L35DXqsDKKJgW0WY5oCwJ3cBJKcDaZchv6knAyqOMfsl6VUbaR++E5LXA=="
      },
      "Newtonsoft.Json": {
        "type": "Transitive",
        "resolved": "13.0.3",
        "contentHash": "HrC5BXdl00IP9zeV+0Z848QWPAoCr9P3bDEZguI+gkLcBKAOxix/tLEAAHC+UvDNPv4a2d18lOReHMOagPa+zQ=="
      },
      "OpenTelemetry": {
        "type": "Transitive",
        "resolved": "1.11.2",
        "contentHash": "FwonkaCVW8M9DLTHmAeJ+znsQCeOVvF4vSBworyq6f55RJB62LFmK7h7SG2aNERTknxP5RoGSwGOBPcVEgC07w==",
        "dependencies": {
          "Microsoft.Extensions.Diagnostics.Abstractions": "9.0.0",
          "Microsoft.Extensions.Logging.Configuration": "9.0.0",
          "OpenTelemetry.Api.ProviderBuilderExtensions": "1.11.2"
        }
      },
      "OpenTelemetry.Api": {
        "type": "Transitive",
        "resolved": "1.11.2",
        "contentHash": "jgSd/FvtxPPc6nLaZnFj+bulHM2iQjy+NBCY5MbQjH6vkW/SfcXD9NMP3pKCmdF+SbZpgL+EoLQc+PmcnYYLlA==",
        "dependencies": {
          "System.Diagnostics.DiagnosticSource": "9.0.0"
        }
      },
      "OpenTelemetry.Api.ProviderBuilderExtensions": {
        "type": "Transitive",
        "resolved": "1.11.2",
        "contentHash": "Y1aag4WT9f3rF8jQWwub5DsFVXpM/5NQsfYg6lmsNQrtJ6TcRqQu2PubcHXeIX2N6TA7XF3ffQAgeJklsSLeoQ==",
        "dependencies": {
          "Microsoft.Extensions.DependencyInjection.Abstractions": "9.0.0",
          "OpenTelemetry.Api": "1.11.2"
        }
      },
      "Pipelines.Sockets.Unofficial": {
        "type": "Transitive",
        "resolved": "2.2.8",
        "contentHash": "zG2FApP5zxSx6OcdJQLbZDk2AVlN2BNQD6MorwIfV6gVj0RRxWPEp2LXAxqDGZqeNV1Zp0BNPcNaey/GXmTdvQ==",
        "dependencies": {
          "System.IO.Pipelines": "5.0.1"
        }
      },
      "StackExchange.Redis": {
        "type": "Transitive",
        "resolved": "2.8.22",
        "contentHash": "GRA97f4cHYxBI/fKOfgs3GyKklc5is6YKM2yWbkiCZGR/JKsXIo0sRJSSeJabriJAZkKFthM0rXnULFfSbs0KA==",
        "dependencies": {
          "Microsoft.Extensions.Logging.Abstractions": "6.0.0",
          "Pipelines.Sockets.Unofficial": "2.2.8"
        }
      },
      "System.Diagnostics.DiagnosticSource": {
        "type": "Transitive",
        "resolved": "9.0.2",
        "contentHash": "z5CMQNLzk8UKnTEHRKb4nq03CCDWBMEF2gfP3oPKZn4F8wip6LFZCP5rF90DREHqdNddScIGAfszXJSjh4drSw=="
      },
      "System.IO.Pipelines": {
        "type": "Transitive",
        "resolved": "5.0.1",
        "contentHash": "qEePWsaq9LoEEIqhbGe6D5J8c9IqQOUuTzzV6wn1POlfdLkJliZY3OlB0j0f17uMWlqZYjH7txj+2YbyrIA8Yg=="
      }
    }
  }
}